{
  "projects": [
    {
      "projectId": "7nJ7UcFmq9UzB6eXfC5z4a",
      "version": "0.26.0",
      "dependencies": {},
      "lang": "ts",
      "fileLocks": [
        {
          "assetId": "7nJ7UcFmq9UzB6eXfC5z4a",
          "type": "projectCss",
          "checksum": "05587b57f22f0ec8bb54543deb39762e"
        }
      ],
      "codegenVersion": "0.0.1"
    },
    {
      "projectId": "caTPwKxj5ZrD9LQ7DMdK4Z",
      "version": "3.34.0",
      "dependencies": {},
      "lang": "ts",
      "fileLocks": [
        {
          "assetId": "caTPwKxj5ZrD9LQ7DMdK4Z",
          "type": "projectCss",
          "checksum": "e1ec850476829c38b0f9b6d4f7ac446a"
        }
      ],
      "codegenVersion": "0.0.1"
    },
    {
      "projectId": "gLnoj82AzKVVT7qXiqAbHD",
      "version": "2.8.0",
      "dependencies": {},
      "lang": "ts",
      "fileLocks": [
        {
          "type": "renderModule",
          "assetId": "lBHNzts6tFyj",
          "checksum": "555547a545894bd4c89c314de4a5eca6"
        },
        {
          "type": "cssRules",
          "assetId": "lBHNzts6tFyj",
          "checksum": "555547a545894bd4c89c314de4a5eca6"
        },
        {
          "type": "icon",
          "assetId": "zq2s7N0xWucT",
          "checksum": "61b12414624174db4cd2e3e683119fcb"
        },
        {
          "type": "icon",
          "assetId": "8K40faRNhuCj",
          "checksum": "4fedd32cd8730884585d804464a39318"
        },
        {
          "assetId": "gLnoj82AzKVVT7qXiqAbHD",
          "type": "projectCss",
          "checksum": "e1ec850476829c38b0f9b6d4f7ac446a"
        }
      ],
      "codegenVersion": "0.0.1"
    },
    {
      "projectId": "szjgMQpPpxhmkjnaBvZQJG",
      "version": "2.23.0",
      "dependencies": {},
      "lang": "ts",
      "fileLocks": [
        {
          "assetId": "szjgMQpPpxhmkjnaBvZQJG",
          "type": "projectCss",
          "checksum": "29b90e78e5c36e5dc978e0c572d9fc75"
        }
      ],
      "codegenVersion": "0.0.1"
    },
    {
      "projectId": "58GpZjZCWTaJ8AUhpCwt2K",
      "version": "3.23.0",
      "dependencies": {},
      "lang": "ts",
      "fileLocks": [
        {
          "assetId": "58GpZjZCWTaJ8AUhpCwt2K",
          "type": "projectCss",
          "checksum": "fd84921cc10936e6ceb458c2ae01c4bd"
        }
      ],
      "codegenVersion": "0.0.1"
    },
    {
      "projectId": "5dGW8Awro3qq8Hh5MveXLP",
      "version": "1.22.0",
      "dependencies": {},
      "lang": "ts",
      "fileLocks": [
        {
          "assetId": "5dGW8Awro3qq8Hh5MveXLP",
          "type": "projectCss",
          "checksum": "208e7308eefeffa5d03c833e22ab6f90"
        }
      ],
      "codegenVersion": "0.0.1"
    },
    {
      "projectId": "84wxoth5npGrp6RRXPL88z",
      "version": "4.25.0",
      "dependencies": {},
      "lang": "ts",
      "fileLocks": [
        {
          "assetId": "84wxoth5npGrp6RRXPL88z",
          "checksum": "14e34fc8ee04382a88f671116234a1e3",
          "type": "globalContexts"
        },
        {
          "assetId": "84wxoth5npGrp6RRXPL88z",
          "type": "projectCss",
          "checksum": "d951314833b1846f4b7c384128792976"
        }
      ],
      "codegenVersion": "0.0.1"
    },
    {
      "projectId": "eiC1VCbma8t6iMexZerqLa",
      "version": "5.24.0",
      "dependencies": {},
      "lang": "ts",
      "fileLocks": [
        {
          "assetId": "eiC1VCbma8t6iMexZerqLa",
          "checksum": "2def64ec49d06aa26baab1064739cbe0",
          "type": "globalContexts"
        },
        {
          "assetId": "eiC1VCbma8t6iMexZerqLa",
          "type": "projectCss",
          "checksum": "e1ec850476829c38b0f9b6d4f7ac446a"
        }
      ],
      "codegenVersion": "0.0.1"
    },
    {
      "projectId": "xp1p7dmg329XVLHyuEUxD2",
      "version": "11.30.0",
      "dependencies": {},
      "lang": "ts",
      "fileLocks": [
        {
          "assetId": "xp1p7dmg329XVLHyuEUxD2",
          "type": "projectCss",
          "checksum": "1b891cf9539f1db972dc4163ae1172e9"
        }
      ],
      "codegenVersion": "0.0.1"
    },
    {
      "projectId": "seaQhLVS4bbjiGvJJrRwyL",
      "version": "15.0.3",
      "dependencies": {},
      "lang": "ts",
      "fileLocks": [
        {
          "assetId": "seaQhLVS4bbjiGvJJrRwyL",
          "type": "projectCss",
          "checksum": "27db00cb356a331a9fd0f219c2cde5cc"
        }
      ],
      "codegenVersion": "0.0.1"
    },
    {
      "projectId": "wBRmoS7Qf8danpDnoXZLVz",
      "version": "latest",
      "dependencies": {
        "seaQhLVS4bbjiGvJJrRwyL": "15.0.3",
        "xp1p7dmg329XVLHyuEUxD2": "11.30.0",
        "eiC1VCbma8t6iMexZerqLa": "5.24.0",
        "84wxoth5npGrp6RRXPL88z": "4.25.0",
        "5dGW8Awro3qq8Hh5MveXLP": "1.22.0",
        "58GpZjZCWTaJ8AUhpCwt2K": "3.23.0",
        "szjgMQpPpxhmkjnaBvZQJG": "2.23.0",
        "gLnoj82AzKVVT7qXiqAbHD": "2.8.0",
        "caTPwKxj5ZrD9LQ7DMdK4Z": "3.34.0",
        "7nJ7UcFmq9UzB6eXfC5z4a": "0.26.0",
        "ohDidvG9XsCeFumugENU3J": "6.20.0"
      },
      "lang": "ts",
      "fileLocks": [
        {
          "type": "globalVariant",
          "assetId": "-eH80ck18iR_B",
          "checksum": "4502b024528f44c8acf430bc164d66fe"
        },
        {
          "assetId": "wBRmoS7Qf8danpDnoXZLVz",
          "checksum": "e5b960a3532ab414dcb904f64c6f216d",
          "type": "globalContexts"
        },
        {
          "type": "renderModule",
          "assetId": "cwWSae17Ytui",
          "checksum": "e599a3fe6d7f416256c719af6d54d8a7"
        },
        {
          "type": "cssRules",
          "assetId": "cwWSae17Ytui",
          "checksum": "e599a3fe6d7f416256c719af6d54d8a7"
        },
        {
          "type": "renderModule",
          "assetId": "T4ZfQN6pA-Vg",
          "checksum": "8d6ee338f3a80e2aba4c5215abda4bfa"
        },
        {
          "type": "cssRules",
          "assetId": "T4ZfQN6pA-Vg",
          "checksum": "8d6ee338f3a80e2aba4c5215abda4bfa"
        },
        {
          "type": "renderModule",
          "assetId": "O8jRJZzkmVNu",
          "checksum": "52791939669833c60ca69abcc3cf945d"
        },
        {
          "type": "cssRules",
          "assetId": "O8jRJZzkmVNu",
          "checksum": "52791939669833c60ca69abcc3cf945d"
        },
        {
          "type": "renderModule",
          "assetId": "aJ02Eq-P9eMq",
          "checksum": "fe01e286734f182320fa6f6f21a85159"
        },
        {
          "type": "cssRules",
          "assetId": "aJ02Eq-P9eMq",
          "checksum": "fe01e286734f182320fa6f6f21a85159"
        },
        {
          "type": "renderModule",
          "assetId": "3pRTGh7kAW7W",
          "checksum": "ce484313d941a91ae90cf38c67ac462a"
        },
        {
          "type": "cssRules",
          "assetId": "3pRTGh7kAW7W",
          "checksum": "ce484313d941a91ae90cf38c67ac462a"
        },
        {
          "type": "renderModule",
          "assetId": "8jGL1lk6yNuYV",
          "checksum": "256008d64c5c195193d0b1fee7316404"
        },
        {
          "type": "cssRules",
          "assetId": "8jGL1lk6yNuYV",
          "checksum": "256008d64c5c195193d0b1fee7316404"
        },
        {
          "type": "renderModule",
          "assetId": "fileApoxtyitp",
          "checksum": "e34c414f89958944d1de610298e775cf"
        },
        {
          "type": "cssRules",
          "assetId": "fileApoxtyitp",
          "checksum": "e34c414f89958944d1de610298e775cf"
        },
        {
          "type": "renderModule",
          "assetId": "HLuWO5sS_me31",
          "checksum": "8e9c4b5f494743a86d16faba3433efc4"
        },
        {
          "type": "cssRules",
          "assetId": "HLuWO5sS_me31",
          "checksum": "8e9c4b5f494743a86d16faba3433efc4"
        },
        {
          "type": "renderModule",
          "assetId": "ntNeK25t9Q1VG",
          "checksum": "0de8627b668b10892cefaa6d9a84b2cb"
        },
        {
          "type": "cssRules",
          "assetId": "ntNeK25t9Q1VG",
          "checksum": "0de8627b668b10892cefaa6d9a84b2cb"
        },
        {
          "type": "renderModule",
          "assetId": "faSfgy_UKHA9q",
          "checksum": "151dda4f138b601822f715c1f8f21f86"
        },
        {
          "type": "cssRules",
          "assetId": "faSfgy_UKHA9q",
          "checksum": "151dda4f138b601822f715c1f8f21f86"
        },
        {
          "type": "renderModule",
          "assetId": "c13J_Ic3ei_5E",
          "checksum": "b5179a47ea81b6e2ddd6280ccc21f6c1"
        },
        {
          "type": "cssRules",
          "assetId": "c13J_Ic3ei_5E",
          "checksum": "b5179a47ea81b6e2ddd6280ccc21f6c1"
        },
        {
          "type": "renderModule",
          "assetId": "2YS4YxHJgFKju",
          "checksum": "0b92afddf57861200020506b47f97375"
        },
        {
          "type": "cssRules",
          "assetId": "2YS4YxHJgFKju",
          "checksum": "0b92afddf57861200020506b47f97375"
        },
        {
          "type": "renderModule",
          "assetId": "XjqCh-5qZX",
          "checksum": "e69e85479b78c875312320b2283a80d3"
        },
        {
          "type": "cssRules",
          "assetId": "XjqCh-5qZX",
          "checksum": "e69e85479b78c875312320b2283a80d3"
        },
        {
          "type": "renderModule",
          "assetId": "UZjdrU3vHc5",
          "checksum": "6e192dab7b6890eb942acf00c9f99878"
        },
        {
          "type": "cssRules",
          "assetId": "UZjdrU3vHc5",
          "checksum": "6e192dab7b6890eb942acf00c9f99878"
        },
        {
          "type": "renderModule",
          "assetId": "FUGagdHJdaBb",
          "checksum": "0387d2fe87f00245a5a0e88c8e0ce4d1"
        },
        {
          "type": "cssRules",
          "assetId": "FUGagdHJdaBb",
          "checksum": "0387d2fe87f00245a5a0e88c8e0ce4d1"
        },
        {
          "type": "renderModule",
          "assetId": "NNJmEAQECZJ",
          "checksum": "2f4ffcd043740ef55a5081b74a1110bd"
        },
        {
          "type": "cssRules",
          "assetId": "NNJmEAQECZJ",
          "checksum": "2f4ffcd043740ef55a5081b74a1110bd"
        },
        {
          "type": "renderModule",
          "assetId": "hjMs8PXBOz6",
          "checksum": "7d4096a2efe8111043edde284901f94a"
        },
        {
          "type": "cssRules",
          "assetId": "hjMs8PXBOz6",
          "checksum": "7d4096a2efe8111043edde284901f94a"
        },
        {
          "type": "renderModule",
          "assetId": "QPt5Pnh3kS8",
          "checksum": "44c200ea101316be5eedfc8d98943805"
        },
        {
          "type": "cssRules",
          "assetId": "QPt5Pnh3kS8",
          "checksum": "44c200ea101316be5eedfc8d98943805"
        },
        {
          "type": "renderModule",
          "assetId": "f7atRzVLlLl",
          "checksum": "f77e02b46c096dfd46188712f7dedfbe"
        },
        {
          "type": "cssRules",
          "assetId": "f7atRzVLlLl",
          "checksum": "f77e02b46c096dfd46188712f7dedfbe"
        },
        {
          "type": "renderModule",
          "assetId": "dU451UGPmaB",
          "checksum": "dfe92e8f44f457b60c43502bb0dee61d"
        },
        {
          "type": "cssRules",
          "assetId": "dU451UGPmaB",
          "checksum": "dfe92e8f44f457b60c43502bb0dee61d"
        },
        {
          "type": "renderModule",
          "assetId": "km-LPUqPtx_",
          "checksum": "e41889fd406f0ccf75f0dd84d901c8b6"
        },
        {
          "type": "cssRules",
          "assetId": "km-LPUqPtx_",
          "checksum": "e41889fd406f0ccf75f0dd84d901c8b6"
        },
        {
          "type": "renderModule",
          "assetId": "t-EwN3Vnxje",
          "checksum": "6a7198084f0fcfc9c1ed79c33b43721d"
        },
        {
          "type": "cssRules",
          "assetId": "t-EwN3Vnxje",
          "checksum": "6a7198084f0fcfc9c1ed79c33b43721d"
        },
        {
          "type": "renderModule",
          "assetId": "yvnEUWAdn6f",
          "checksum": "990885620be8934dedfa086cda85b6e0"
        },
        {
          "type": "cssRules",
          "assetId": "yvnEUWAdn6f",
          "checksum": "990885620be8934dedfa086cda85b6e0"
        },
        {
          "type": "renderModule",
          "assetId": "EPuTKHnjO-9",
          "checksum": "476d7f0563ac8c176a55fd700e2cca07"
        },
        {
          "type": "cssRules",
          "assetId": "EPuTKHnjO-9",
          "checksum": "476d7f0563ac8c176a55fd700e2cca07"
        },
        {
          "type": "renderModule",
          "assetId": "PwKnXt-oGIm",
          "checksum": "023c111a86b29ad444ad951f74808836"
        },
        {
          "type": "cssRules",
          "assetId": "PwKnXt-oGIm",
          "checksum": "023c111a86b29ad444ad951f74808836"
        },
        {
          "type": "renderModule",
          "assetId": "1ltfeGk7Pv",
          "checksum": "16b580d543cd976da1080e00537d5458"
        },
        {
          "type": "cssRules",
          "assetId": "1ltfeGk7Pv",
          "checksum": "16b580d543cd976da1080e00537d5458"
        },
        {
          "type": "renderModule",
          "assetId": "fOSuQpZqxl",
          "checksum": "ecf5581dd134a6e040566e4f14533942"
        },
        {
          "type": "cssRules",
          "assetId": "fOSuQpZqxl",
          "checksum": "ecf5581dd134a6e040566e4f14533942"
        },
        {
          "type": "renderModule",
          "assetId": "j8YYwCAE9xY",
          "checksum": "00ee9fdf69d0b3a826f26282fb16b6fc"
        },
        {
          "type": "cssRules",
          "assetId": "j8YYwCAE9xY",
          "checksum": "00ee9fdf69d0b3a826f26282fb16b6fc"
        },
        {
          "type": "renderModule",
          "assetId": "QEUPU6plyBN",
          "checksum": "c3beac8cc8615b948226031d07f051a3"
        },
        {
          "type": "cssRules",
          "assetId": "QEUPU6plyBN",
          "checksum": "c3beac8cc8615b948226031d07f051a3"
        },
        {
          "type": "renderModule",
          "assetId": "vgSLTWsVRZp",
          "checksum": "8d23e96a7d3f1e3ecae8af790ce363ca"
        },
        {
          "type": "cssRules",
          "assetId": "vgSLTWsVRZp",
          "checksum": "8d23e96a7d3f1e3ecae8af790ce363ca"
        },
        {
          "type": "renderModule",
          "assetId": "c3l9UFt6CiU",
          "checksum": "29cc5f1ecedb4e8924f3a9e70ec4fc27"
        },
        {
          "type": "cssRules",
          "assetId": "c3l9UFt6CiU",
          "checksum": "29cc5f1ecedb4e8924f3a9e70ec4fc27"
        },
        {
          "type": "renderModule",
          "assetId": "c1ydxW86pPC",
          "checksum": "13f3f33dfa74cf8e56d349efc50807ab"
        },
        {
          "type": "cssRules",
          "assetId": "c1ydxW86pPC",
          "checksum": "13f3f33dfa74cf8e56d349efc50807ab"
        },
        {
          "type": "renderModule",
          "assetId": "j5MKN8ABkLT",
          "checksum": "b86f96841f62d5b52ed5b77610182390"
        },
        {
          "type": "cssRules",
          "assetId": "j5MKN8ABkLT",
          "checksum": "b86f96841f62d5b52ed5b77610182390"
        },
        {
          "type": "renderModule",
          "assetId": "TS4dv0hpF0E",
          "checksum": "bc49ab1231135aa2134445ce2d309b6c"
        },
        {
          "type": "cssRules",
          "assetId": "TS4dv0hpF0E",
          "checksum": "bc49ab1231135aa2134445ce2d309b6c"
        },
        {
          "type": "renderModule",
          "assetId": "PDT1ClOTrWQ",
          "checksum": "7e56067f0e44d81694be226a90354355"
        },
        {
          "type": "cssRules",
          "assetId": "PDT1ClOTrWQ",
          "checksum": "7e56067f0e44d81694be226a90354355"
        },
        {
          "type": "renderModule",
          "assetId": "re_SLBn3gGi",
          "checksum": "b1c09f5df9b78569f253e9466edec460"
        },
        {
          "type": "cssRules",
          "assetId": "re_SLBn3gGi",
          "checksum": "b1c09f5df9b78569f253e9466edec460"
        },
        {
          "type": "icon",
          "assetId": "WlfPtBYaItCqr",
          "checksum": "dc9e29ca1f969518392d7adcf2644293"
        },
        {
          "type": "icon",
          "assetId": "UtSv3vWtzma1j",
          "checksum": "a12a1e25a2b421a8cd64b0ad23f52205"
        },
        {
          "type": "icon",
          "assetId": "aBpuxv1XlENZw",
          "checksum": "f6656d9dfb965da1b4189f90c90f2b6a"
        },
        {
          "type": "icon",
          "assetId": "cduROG6cfggiZ",
          "checksum": "a90e76ddb3af768bd86ff5821e86305c"
        },
        {
          "type": "icon",
          "assetId": "4ZVpxMLEvcR9y",
          "checksum": "cf6b0ac4f7e9789ea76e754e1c5c0c56"
        },
        {
          "type": "icon",
          "assetId": "ABivURLPvHKRf",
          "checksum": "845de525ee0315089ced3ba7c1cba052"
        },
        {
          "type": "icon",
          "assetId": "vlxoH76_nCkGP",
          "checksum": "1c04425ee274cc952e02f5cac8e059e6"
        },
        {
          "type": "icon",
          "assetId": "cjtgNRk_FWAmI",
          "checksum": "4c1838a586726be2b9a8e1925ed86a01"
        },
        {
          "type": "icon",
          "assetId": "Yc3IckwkD4NRt",
          "checksum": "bf03707e4bfc1e33c20d829deb379837"
        },
        {
          "type": "icon",
          "assetId": "VscANqXEmgePG",
          "checksum": "bad0af75572686f2744bd290aed5ac57"
        },
        {
          "type": "icon",
          "assetId": "DXQzI1V2eRK4m",
          "checksum": "6e87f4f24e3d64f4f473c3c2325d1265"
        },
        {
          "type": "icon",
          "assetId": "V5WcVf5na0oAC",
          "checksum": "87054d90c82a186dbb41bc0a3274459d"
        },
        {
          "type": "icon",
          "assetId": "zDmsuojk4cJv_",
          "checksum": "315482f6ae99656bf3877263034615f8"
        },
        {
          "type": "icon",
          "assetId": "nO12lXMn1RAsH",
          "checksum": "8e57021127db4756192be5d215d2f21e"
        },
        {
          "type": "icon",
          "assetId": "3gyDl30e9Bs7r",
          "checksum": "3f2913d709cf6bae07223fd5c188e219"
        },
        {
          "type": "icon",
          "assetId": "M02EaGOB8ldeZ",
          "checksum": "93db3daa236116b9a104b379034b5117"
        },
        {
          "type": "icon",
          "assetId": "kfl9mPVAvXrdg",
          "checksum": "47b893ea283d535721963149d6b285e3"
        },
        {
          "type": "icon",
          "assetId": "nWUWSgWJ4hmrU",
          "checksum": "266ca3d116bab0ff195a293f4bd4427a"
        },
        {
          "type": "icon",
          "assetId": "zVudMwrt8UrDS",
          "checksum": "8bf773f49dbe6d7c8983cc0910b7aa5c"
        },
        {
          "type": "icon",
          "assetId": "eqbHsQWgz6eDQ",
          "checksum": "d94d61d63b3ac787336b50627144e319"
        },
        {
          "type": "icon",
          "assetId": "fJye2XxOgp5wd",
          "checksum": "e1928d1a3bf21a2ad2dd1da1d79aa77c"
        },
        {
          "type": "icon",
          "assetId": "1IRPnDViAlDs9",
          "checksum": "4f35cde87fc7d9ba72d0be5d6c27798f"
        },
        {
          "type": "icon",
          "assetId": "Qj3coYCKUMVyJ",
          "checksum": "933f75ba4268f2861ea615e9f79c6232"
        },
        {
          "type": "icon",
          "assetId": "SwE2GXR4Bank1",
          "checksum": "8c6c3a06835e2510b3d2b2a81111ae40"
        },
        {
          "type": "icon",
          "assetId": "cfOfwCibyD",
          "checksum": "0022dcd65853817adace0e7089150b3d"
        },
        {
          "type": "icon",
          "assetId": "tjW8u0N4RQb",
          "checksum": "a2ae6b37ba3553324d57c6649cc194f2"
        },
        {
          "type": "icon",
          "assetId": "5wgbEj_6JJpV",
          "checksum": "5aa621d0f9ba52e1f91c849aeba46e7a"
        },
        {
          "type": "icon",
          "assetId": "qZBLiiOgmMC3",
          "checksum": "e81e4e19baa3d62445076db507613b8a"
        },
        {
          "type": "icon",
          "assetId": "sHy5sAUEFRBC",
          "checksum": "a4f507bcdb041d11bf571200a4c8e2e8"
        },
        {
          "type": "icon",
          "assetId": "5xI3z1sGXkPf",
          "checksum": "eab146912438e0139013f10b343ddc29"
        },
        {
          "type": "icon",
          "assetId": "tl_VnC1CkRBF",
          "checksum": "5dead969a268ff015407f5b212c7be0c"
        },
        {
          "type": "icon",
          "assetId": "e646m6t1rrqi",
          "checksum": "e3ebee87a0823b4914dd56162d121339"
        },
        {
          "type": "icon",
          "assetId": "H1zQZfcnVJo-",
          "checksum": "5a6a26db0bfbecf1537ab0f962242f07"
        },
        {
          "type": "icon",
          "assetId": "-Zfarl977IQ4",
          "checksum": "512ebe05f3579e9c3e7ba62331b139f0"
        },
        {
          "type": "icon",
          "assetId": "ZR6eu6epRCm",
          "checksum": "8add584a0814b1182b60ad137f2b430b"
        },
        {
          "type": "icon",
          "assetId": "PVEyXxet49U",
          "checksum": "fda3fcd6b3640038d2960e2bf7740bff"
        },
        {
          "type": "icon",
          "assetId": "0zgX_EM1sm",
          "checksum": "6773da5c7c59c302a4229773cbf01faf"
        },
        {
          "type": "icon",
          "assetId": "FkV3s-Rxo",
          "checksum": "ce1ad77b4e656f974b8c63e702c5a469"
        },
        {
          "type": "icon",
          "assetId": "Jdz13NLR4y",
          "checksum": "5cde3ed50cea8c7897553597bd22045d"
        },
        {
          "type": "icon",
          "assetId": "oVfYThqnkv",
          "checksum": "19147a1ae95c96b490f3834ecaa1bb65"
        },
        {
          "type": "icon",
          "assetId": "w8lO9NN_xS",
          "checksum": "498686b8db42b85ffade10edc345fa0a"
        },
        {
          "type": "icon",
          "assetId": "KFjYdPEXzn",
          "checksum": "31885a22af6bf423629360fa6cffa76d"
        },
        {
          "type": "icon",
          "assetId": "rTSIAkkz-I",
          "checksum": "9436533894f83d55cfad247b2e2f1e3d"
        },
        {
          "type": "icon",
          "assetId": "GBeGc91B0z",
          "checksum": "7cec8ef48ea53efb7f02bdcd1d617a08"
        },
        {
          "type": "icon",
          "assetId": "dON5qOa0yP",
          "checksum": "f7f9023b7054d5d1706ad44dc01ac0f5"
        },
        {
          "type": "icon",
          "assetId": "NvKwx_b9Y",
          "checksum": "6cfc01124231ecfb6001b29e994fdd7e"
        },
        {
          "type": "icon",
          "assetId": "gBVsTHBahp",
          "checksum": "157bf6bb70bc7100cd7bdc92e594eeeb"
        },
        {
          "type": "icon",
          "assetId": "KOQRl1mc7d",
          "checksum": "40a796596190082f3c6fe87756694bd3"
        },
        {
          "type": "icon",
          "assetId": "PKKaeI26jF",
          "checksum": "3aacddffbc17ab4018113e17aca115dc"
        },
        {
          "type": "icon",
          "assetId": "V_5h_74dcu",
          "checksum": "abfa9773d7c09866fd399feb4c874b02"
        },
        {
          "type": "icon",
          "assetId": "H_pSTPfDlp",
          "checksum": "4b4c954803dd10886564281c7ad4a3e7"
        },
        {
          "type": "icon",
          "assetId": "85_A7N8g1l",
          "checksum": "c70e92d8699228b0e476c4262a96a9e3"
        },
        {
          "type": "icon",
          "assetId": "Q-GI_EKxwS",
          "checksum": "a4ac456e7e77591e620252681917c2f4"
        },
        {
          "type": "icon",
          "assetId": "_Fe8oTNuID",
          "checksum": "9015220c20964256ede6ac122dbb7e35"
        },
        {
          "type": "icon",
          "assetId": "LkSZgZM6_S",
          "checksum": "7b19990e9be12f9e940d05ee3659b6e7"
        },
        {
          "type": "icon",
          "assetId": "_ToeTuh5Qo",
          "checksum": "10c0677e764d61f824f25f1283e0f551"
        },
        {
          "type": "icon",
          "assetId": "9eM4XrGdro",
          "checksum": "783fbea5ed40ee341fd0f56cebd54a2e"
        },
        {
          "type": "icon",
          "assetId": "ubrwVZ4dEN",
          "checksum": "03a218b91403ff515c4d5c642756776a"
        },
        {
          "type": "icon",
          "assetId": "nAjN-qQurd",
          "checksum": "f9d71a567594a1fb0d4ece198575b555"
        },
        {
          "type": "icon",
          "assetId": "NyNFQa4Jbb",
          "checksum": "ca61752437c9bfe37fcc7ab9d6ef23a7"
        },
        {
          "type": "image",
          "assetId": "htqWw4b7C9vH0",
          "checksum": "d076cb2f46b25d5e5fafb28f05d35d2b"
        },
        {
          "type": "image",
          "assetId": "JBMw6m0qvEsk9",
          "checksum": "f8adc390f4d96dc12c6109b2a9920a38"
        },
        {
          "type": "image",
          "assetId": "BjzmymJT1CZpE",
          "checksum": "1fad98f2e18f9b641a7053748d1c2c08"
        },
        {
          "type": "image",
          "assetId": "EVEecpDvqnbvT",
          "checksum": "365fb778867a0fc983f8faffaa99aae7"
        },
        {
          "type": "image",
          "assetId": "qvRu7zkZPY8l8",
          "checksum": "e24db787207824d9f723c221dba9febc"
        },
        {
          "type": "image",
          "assetId": "n2FBWfFxvDLmg",
          "checksum": "4a47e41a1058a34929ff399f6a571e65"
        },
        {
          "type": "image",
          "assetId": "Cgq4kleyXsddJ",
          "checksum": "67c1aef433556f80b45a750f8aa33fb3"
        },
        {
          "type": "image",
          "assetId": "gm39PDaaDxU_z",
          "checksum": "67b0cb3199dd2d50b3a1ca9115247c97"
        },
        {
          "type": "image",
          "assetId": "OyRwiRtasluEa",
          "checksum": "d90d1e4993bcb43450961c13775064e6"
        },
        {
          "type": "image",
          "assetId": "RxATmK98uZvx-",
          "checksum": "bd23e8c895a446bcbe5eb623695798bd"
        },
        {
          "type": "image",
          "assetId": "Mclj2V1OeZfRE",
          "checksum": "7d47bbd634650bfb0579fe2a3215da38"
        },
        {
          "type": "image",
          "assetId": "2yKqeJZ1L_qiM",
          "checksum": "6880cc7fb419c5f39dc1f67dd8fd2e19"
        },
        {
          "type": "image",
          "assetId": "Laq60wlacwP0c",
          "checksum": "af808c89f87b153dbf303fca1ecaf5fb"
        },
        {
          "type": "image",
          "assetId": "Rag3Tr_vlZJiE",
          "checksum": "2e587e06bf06f1bace478d3e7451bd6c"
        },
        {
          "type": "image",
          "assetId": "QFNxIvZUDjmD4",
          "checksum": "fd9068dd5ef4cc34a4e252ea1cbbf004"
        },
        {
          "type": "image",
          "assetId": "Gj22uKSshHCwA",
          "checksum": "dd4ad442d76a7a4bdf6f63bbe7da5283"
        },
        {
          "type": "image",
          "assetId": "x1_wpcL3lOy9J",
          "checksum": "71b03e04a31e2f0af2ed3c81e9c65794"
        },
        {
          "type": "image",
          "assetId": "0ovN2Y12OJQeZ",
          "checksum": "f38372eec62b20d1cc0f80a1de713cf3"
        },
        {
          "type": "image",
          "assetId": "OC-tCTh7eCLCB",
          "checksum": "c712659b8ee85756005de3a920695a8f"
        },
        {
          "type": "image",
          "assetId": "UGVZ1sYetxTUO",
          "checksum": "68c8eccbd08532d06b07b0b106c6b609"
        },
        {
          "type": "image",
          "assetId": "U2Kmk_wuAzVka",
          "checksum": "93a52ad88712736f5aa4727628a8fd93"
        },
        {
          "type": "image",
          "assetId": "IEXlCOkH5VKyo",
          "checksum": "5f484ca8a39d4752b293eaf20f8d660c"
        },
        {
          "type": "image",
          "assetId": "e1qhlDH3t5cx5",
          "checksum": "cf1ef5c16535011e90eb3793ee2326ee"
        },
        {
          "type": "image",
          "assetId": "SSAh2KZafRGAr",
          "checksum": "c0f908994324f358642c7804d9b59705"
        },
        {
          "type": "image",
          "assetId": "lOgehIc-R2cpy",
          "checksum": "8aa12fa49f19001451203279828abb79"
        },
        {
          "type": "image",
          "assetId": "fdE7Lm7Par2Kr",
          "checksum": "94e347b24d682601e627f4d5d9b51221"
        },
        {
          "type": "image",
          "assetId": "_oFI8Rk82G6iH",
          "checksum": "98b42aa9bdd9937c08a96920247ade4b"
        },
        {
          "type": "image",
          "assetId": "Sh55cRIc3pBNm",
          "checksum": "92a6858ea6c156b644e57821b3ee1a6c"
        },
        {
          "type": "image",
          "assetId": "LT6lOdO2dMdp5",
          "checksum": "874e42748f390b37bb132f1346d69e3c"
        },
        {
          "type": "image",
          "assetId": "SIdrk37MoUN16",
          "checksum": "87cfdd686948aad6cd295031b72b5a8b"
        },
        {
          "type": "image",
          "assetId": "IVwyG08fM5byX",
          "checksum": "8dbec3bca428fe52a3226786ecec24d1"
        },
        {
          "type": "image",
          "assetId": "CUInAGlzCEdps",
          "checksum": "c8570c57b7ffdf5e1003cd4f1d20b75b"
        },
        {
          "type": "image",
          "assetId": "tJy57_8DRlb4p",
          "checksum": "5d43e49536d52e5cb356a2d3c8ee48b5"
        },
        {
          "type": "image",
          "assetId": "MDhoIUOlAq529",
          "checksum": "f45228cb45e0070d766e6a8492d92466"
        },
        {
          "type": "image",
          "assetId": "TnXqxIOhqy1RD",
          "checksum": "20d7fe9a66fa1060145b95ac7c89d3fe"
        },
        {
          "type": "image",
          "assetId": "_pBouo4FS_lo0",
          "checksum": "a96d20c731b45b0d119d1ed8aedbd367"
        },
        {
          "type": "image",
          "assetId": "yBVl-RRLltics",
          "checksum": "65cc772d4f75bcf80102f71ab491c229"
        },
        {
          "type": "image",
          "assetId": "4bG0RaUrK4XjH",
          "checksum": "5fe3bf902e7b2f4d34cc286bfbfa5371"
        },
        {
          "type": "image",
          "assetId": "r9gTNgcOhbHOI",
          "checksum": "18e6ffc389ede98fad0c238680ee32f7"
        },
        {
          "type": "image",
          "assetId": "LkPzkUCvYHPPc",
          "checksum": "ddb89ac287cd64518ea3c5752d6e6962"
        },
        {
          "type": "image",
          "assetId": "buAreX1Tof7LK",
          "checksum": "59efddc893d4003f2ac2707eff0ddab8"
        },
        {
          "type": "image",
          "assetId": "UsHtdLXOI19cU",
          "checksum": "979252ce103c5cd3298e3d52a9d49178"
        },
        {
          "type": "image",
          "assetId": "f1lp8XSJAZULj",
          "checksum": "fea795f31f04d5e1fb54c1a20a7d5d72"
        },
        {
          "type": "image",
          "assetId": "Kf-Kwafxf9vj0",
          "checksum": "751fac56a21425986957098c63014588"
        },
        {
          "type": "image",
          "assetId": "27ThtGN_FcoId",
          "checksum": "678dc46c2dfcd97f405b7415dc0c8689"
        },
        {
          "type": "image",
          "assetId": "PoL0inK2SNUZj",
          "checksum": "ba08d325c515aee288cde703fb639167"
        },
        {
          "type": "image",
          "assetId": "496qCMTzWYbDF",
          "checksum": "fdbf7817542406c66ba9b7ec43ddcba1"
        },
        {
          "type": "image",
          "assetId": "zuwC81wLNagEg",
          "checksum": "a3c47d60db9253f2db2487d2eac9857d"
        },
        {
          "type": "image",
          "assetId": "aPjjO6XQ_L5WY",
          "checksum": "3f58130f74e2cef8d2622e5a4f83f050"
        },
        {
          "type": "image",
          "assetId": "0u4z2gS6GAchf",
          "checksum": "2d21844e30bbcf67a5a7a0eaf8e93311"
        },
        {
          "type": "image",
          "assetId": "BJN0lQ7YxTnbM",
          "checksum": "dfce44ac5147778d8624f655febea125"
        },
        {
          "type": "image",
          "assetId": "5pouwmoQjR2nP",
          "checksum": "c72d5e27db0b141640a4925cc09665db"
        },
        {
          "type": "image",
          "assetId": "S_iHvDy21zzMv",
          "checksum": "9a23fe0a3535c78f0e9c0c078bc27c3f"
        },
        {
          "type": "image",
          "assetId": "v9f--7_-_USku",
          "checksum": "38b2a4fd5925037db214f1413ca821f9"
        },
        {
          "type": "image",
          "assetId": "yZWwsYi0qPfg4",
          "checksum": "59649f8d5a09699cef95c75f384d1a0f"
        },
        {
          "type": "image",
          "assetId": "zpOR9zuvuzLWC",
          "checksum": "ca6604f7b2a34dfd09e291349cfb9a37"
        },
        {
          "type": "image",
          "assetId": "C6Sh9M6E9igbL",
          "checksum": "91acdd583aafc2a21f48268db3b1f888"
        },
        {
          "type": "image",
          "assetId": "o5TVdhtukmHox",
          "checksum": "764249cb245b3f876648f4f02b247fa7"
        },
        {
          "type": "image",
          "assetId": "0xwvzXtJxVF8b",
          "checksum": "fe4c5216b16b751dda852bfe26820cd8"
        },
        {
          "type": "image",
          "assetId": "cbQ5_u3CtlHLw",
          "checksum": "c6e26b7f4a088a8c23d5d27f3e243062"
        },
        {
          "type": "image",
          "assetId": "BCieUfBRHYJ5K",
          "checksum": "0b46fd213158ebc1c28c73d085ec6c3a"
        },
        {
          "type": "image",
          "assetId": "QbX4e6ec2OX4Y",
          "checksum": "152930042bcaa2d005560b697df01301"
        },
        {
          "type": "image",
          "assetId": "PAQbKzhEEWPqT",
          "checksum": "35fe32a5d0bb228394ee41da32cb32ac"
        },
        {
          "type": "image",
          "assetId": "LWrfrzyL8pFr5",
          "checksum": "5d669cd204d31115c0a375875d7dc779"
        },
        {
          "type": "image",
          "assetId": "5ThNfGav2mA7P",
          "checksum": "a333651d98c24c23510c7fd2ee2567c8"
        },
        {
          "type": "image",
          "assetId": "BmPAXW3y9MfAB",
          "checksum": "cecb7b230f2cfac76f6e8c890b56e77c"
        },
        {
          "type": "image",
          "assetId": "i6gXbNhjK",
          "checksum": "70e25d3f258219c13467b909ba2228ad"
        },
        {
          "type": "image",
          "assetId": "_P-ppb0Rk",
          "checksum": "fa0b33ebfa6cde18e1166bcf1877700e"
        },
        {
          "type": "image",
          "assetId": "NFqNEPgYU",
          "checksum": "4112fa3a20cf0c623a4032adb9cef062"
        },
        {
          "type": "image",
          "assetId": "GmJpb36ST",
          "checksum": "23a151470b4f59ab371befa356e9b979"
        },
        {
          "type": "image",
          "assetId": "G39Zv66aU",
          "checksum": "f700fd0918f89aee5d0e6a1073e06c11"
        },
        {
          "type": "image",
          "assetId": "u-agpyWxc",
          "checksum": "cb6b1329c4ce935454591295420175c3"
        },
        {
          "type": "image",
          "assetId": "sqAW5wVck",
          "checksum": "7ec4cb97d1d0b6f87f4ee70ce47e8a00"
        },
        {
          "type": "image",
          "assetId": "oo2R4troKeL",
          "checksum": "770f56bbd1ce0873ae8936cb9e375e8c"
        },
        {
          "type": "image",
          "assetId": "i_hKUs5da",
          "checksum": "4a9259920e2bf8313e3aec54221839ef"
        },
        {
          "type": "image",
          "assetId": "nMqNR92tw",
          "checksum": "cc5e92d237f4b87bb28ed8700f9018c1"
        },
        {
          "type": "image",
          "assetId": "CydcGeGg3",
          "checksum": "98b3ac83fe6f3b8fe0bb1aa61c279743"
        },
        {
          "type": "image",
          "assetId": "eHqYDwW2X",
          "checksum": "6501a00b1b2a12d1c95a6e273f4347cf"
        },
        {
          "type": "image",
          "assetId": "FKVVgHJc1",
          "checksum": "528602b5d0167409a25880f33e26d0e4"
        },
        {
          "type": "image",
          "assetId": "FX5cTYUUF",
          "checksum": "bad868b47d98bf9f3a28026288a6162d"
        },
        {
          "type": "image",
          "assetId": "WIwF7Ac3M",
          "checksum": "a99fb163c209823a23f2857feff9ae22"
        },
        {
          "type": "image",
          "assetId": "_uE8JhZ3C",
          "checksum": "522f9e9bdfd9f22a712f4e70db2b5ee2"
        },
        {
          "type": "image",
          "assetId": "Zxh_dyYlz",
          "checksum": "f0fbe1a075768c166582fc9acb9a0564"
        },
        {
          "type": "image",
          "assetId": "iIXmfUWa-",
          "checksum": "301a91754374271a764f27597766e3ff"
        },
        {
          "type": "image",
          "assetId": "YXsUQCCA9",
          "checksum": "74eb85cee89e1b94b732e57e93489b63"
        },
        {
          "type": "image",
          "assetId": "3t5RnRiOt",
          "checksum": "0330e6e8f843b0a5a73cfb090cd31f5f"
        },
        {
          "type": "image",
          "assetId": "7i8FUb_uC",
          "checksum": "3a96ae8fe041aef4d6c6c2265ca58568"
        },
        {
          "type": "image",
          "assetId": "IL102w2Mx",
          "checksum": "4f0c8a441dfd0d87f24643b79eb24e4b"
        },
        {
          "type": "image",
          "assetId": "7bNNlm0C9",
          "checksum": "16267f23da817f0a1dacecdfb8e77ead"
        },
        {
          "type": "image",
          "assetId": "EB0VK-Ith",
          "checksum": "66b46863730a94eeb6de24766bd5699c"
        },
        {
          "type": "image",
          "assetId": "sBlA3JoZw",
          "checksum": "e8c2451c716b7bb8371f31148ee5e96e"
        },
        {
          "type": "image",
          "assetId": "5M2p1eJMf",
          "checksum": "5a3bddfa9f1eebead784c94adc525248"
        },
        {
          "type": "image",
          "assetId": "mtscyATUh",
          "checksum": "f52e4fe5e9f6f92d42a75c57f0e2dbfd"
        },
        {
          "type": "image",
          "assetId": "LDOv7W_2b",
          "checksum": "1dc061f73fcf689837c763c1a6ea0861"
        },
        {
          "type": "image",
          "assetId": "6-sDJ20Gr",
          "checksum": "66ab79628c5cbb3f150dace626397c81"
        },
        {
          "type": "image",
          "assetId": "vsH_nzHGX",
          "checksum": "7de906a979d38b87a9fce01a518bdde8"
        },
        {
          "type": "image",
          "assetId": "7C77AAnd7",
          "checksum": "455d47188720b61576fd54936897a870"
        },
        {
          "type": "image",
          "assetId": "xcTF4uhDH",
          "checksum": "219f59a54209e8ed4b8bac095a7c1003"
        },
        {
          "type": "image",
          "assetId": "007etUZQJ",
          "checksum": "249b586f3b19d6e3d56e7fbbeeaad5fe"
        },
        {
          "type": "image",
          "assetId": "DrwmiAE1R",
          "checksum": "e11f9e5715614013febf8ad68cb2614e"
        },
        {
          "type": "image",
          "assetId": "HJAoN1DUu",
          "checksum": "24be1242b2b06b566155d6e1d04580e7"
        },
        {
          "type": "image",
          "assetId": "e6bxsoXeL",
          "checksum": "64b2675d1abc6f014fe62db02bbe8ee9"
        },
        {
          "type": "image",
          "assetId": "u-vaXKC9d",
          "checksum": "bad3b3ce89e755c78f695604f0f8ad38"
        },
        {
          "type": "image",
          "assetId": "i7nu7V5-K",
          "checksum": "772029e61a746b31a5fb0f29a1634c40"
        },
        {
          "type": "image",
          "assetId": "xCjxXFjSh",
          "checksum": "a613366cfb1a27650783efd4e9ebade4"
        },
        {
          "type": "image",
          "assetId": "hRAlY6p-f",
          "checksum": "55e767fb8d75e769e9afb6ec6b2c30e6"
        },
        {
          "type": "renderModule",
          "assetId": "aN-YkR2tN53",
          "checksum": "0eb176d1ab70f151b2705996f855c483"
        },
        {
          "type": "cssRules",
          "assetId": "aN-YkR2tN53",
          "checksum": "0eb176d1ab70f151b2705996f855c483"
        },
        {
          "type": "renderModule",
          "assetId": "ODCRtGAk6YgZ",
          "checksum": "6aaf9b448a68af200228850614f356d8"
        },
        {
          "type": "cssRules",
          "assetId": "ODCRtGAk6YgZ",
          "checksum": "6aaf9b448a68af200228850614f356d8"
        },
        {
          "type": "icon",
          "assetId": "dsOT3dlAx5oW",
          "checksum": "371391649d75ddca5e7d0ceb10cb903e"
        },
        {
          "type": "icon",
          "assetId": "946drNMN0qzF",
          "checksum": "324fed6ea0bd21886ddae82d2dc031c0"
        },
        {
          "type": "icon",
          "assetId": "bHDKT_97Rl3y",
          "checksum": "1485f6a4cd0f57511a3f944462e177bb"
        },
        {
          "type": "icon",
          "assetId": "AXYHtippGlW3",
          "checksum": "49630c1c1091e4314fb7dcab2eec25fe"
        },
        {
          "type": "icon",
          "assetId": "DzPVzDvGCHfb",
          "checksum": "d4cefdbf46a15d66cfa78dfc3393d218"
        },
        {
          "type": "image",
          "assetId": "dJ2KayqIE",
          "checksum": "6d3a2d5570a78740d512c7c289323060"
        },
        {
          "type": "image",
          "assetId": "ogW91X2gB",
          "checksum": "6d88c18fc046edb0cb475934098e6d91"
        },
        {
          "type": "image",
          "assetId": "hAACRfXgf",
          "checksum": "00c9ed73ade198c6e31c9940c0044ec5"
        },
        {
          "type": "image",
          "assetId": "HvG82tsDC",
          "checksum": "8c9a2cafbd2d589f59885d848339efea"
        },
        {
          "type": "image",
          "assetId": "A0Ynr_PdM",
          "checksum": "bddbda573f585f2f0503f053346da667"
        },
        {
          "type": "image",
          "assetId": "UHSs4Ztb1",
          "checksum": "344662bee06c4e4ab85c531929ce0d73"
        },
        {
          "type": "image",
          "assetId": "hHI7VGjoG",
          "checksum": "3fccc784724a2f072071714c11923952"
        },
        {
          "type": "image",
          "assetId": "iv7Rsm0Bi",
          "checksum": "5abbf55304e8a7ef8898d4ca6f7de29a"
        },
        {
          "type": "image",
          "assetId": "fwM53fSyc",
          "checksum": "0dc4365980bdf6d91f5f097f05ec9db8"
        },
        {
          "type": "image",
          "assetId": "3sLH7gjIJjJu",
          "checksum": "554e054f167b7102b47fe95478807924"
        },
        {
          "type": "image",
          "assetId": "Km6ltsnoiomU",
          "checksum": "b21c02f815520f067adce316bdf67486"
        },
        {
          "type": "image",
          "assetId": "RyXxcDmqQSwg",
          "checksum": "f6c170edd8fbe64d9b17102826167b25"
        },
        {
          "type": "image",
          "assetId": "hXRHB3aszl2r",
          "checksum": "3d8f61151451266729cb9813305efdba"
        },
        {
          "type": "image",
          "assetId": "EU0w3mNKFSWn",
          "checksum": "cc4d78ee50d92c7d13b06d012153bc54"
        },
        {
          "type": "image",
          "assetId": "37nwGFRsXKWw",
          "checksum": "ad94f66402a9c94043bd0c8945c5b484"
        },
        {
          "type": "image",
          "assetId": "_HayYJVeY4vh",
          "checksum": "0dc8c95a2cc3739a43256fb1ea3db9a5"
        },
        {
          "type": "renderModule",
          "assetId": "6KmAq4PCH4et",
          "checksum": "51ac38773a82599e010cd2697e2cd524"
        },
        {
          "type": "cssRules",
          "assetId": "6KmAq4PCH4et",
          "checksum": "51ac38773a82599e010cd2697e2cd524"
        },
        {
          "type": "icon",
          "assetId": "ydbOhlD9HekK",
          "checksum": "2f523ccc80d87327be144058ae4304bb"
        },
        {
          "type": "icon",
          "assetId": "18MBCTLC9d1y",
          "checksum": "6e5d680cfbf6bed0363d29d9e5cf17b6"
        },
        {
          "type": "icon",
          "assetId": "FgkONTRVH2O-",
          "checksum": "d52f04b375394f4a2f3e4e84ca2932fa"
        },
        {
          "type": "image",
          "assetId": "pcHXGpzvShKa",
          "checksum": "803340d67d3c4fefe51127e3517a1748"
        },
        {
          "type": "image",
          "assetId": "qJ1AB7XIeesE",
          "checksum": "265c352a22730c10dc8d5094b98ca3bc"
        },
        {
          "type": "renderModule",
          "assetId": "SVZGM5FMLbLU",
          "checksum": "3d6e07c80d56e19b4ac008cae3f10c89"
        },
        {
          "type": "cssRules",
          "assetId": "SVZGM5FMLbLU",
          "checksum": "3d6e07c80d56e19b4ac008cae3f10c89"
        },
        {
          "type": "image",
          "assetId": "YuJQktGoVvgv",
          "checksum": "e6aa07ff32cd31a463e959fc0bc1fbe4"
        },
        {
          "type": "image",
          "assetId": "IhdQEUKa784e",
          "checksum": "ea82e6ea734a65ee430a73ad1e5ac4b7"
        },
        {
          "type": "image",
          "assetId": "N570N6T2U8HF",
          "checksum": "b09803381bb06ff4c9bbb3597e16b307"
        },
        {
          "type": "image",
          "assetId": "rriCq2gbG0lH",
          "checksum": "0f225d5a369c069edfd2aec6cbf0429d"
        },
        {
          "type": "image",
          "assetId": "rOyx4Wwbfkcx",
          "checksum": "91172e798d5b0cd5cb24afe54ea88027"
        },
        {
          "type": "image",
          "assetId": "53R_QF7WxxWS",
          "checksum": "1d9aef95c90cac71c3d205906a16d11e"
        },
        {
          "type": "image",
          "assetId": "xflBgupneUZu",
          "checksum": "cd518cc9139188e021d3d01a1840e1f7"
        },
        {
          "type": "image",
          "assetId": "pwQGQ8zYF3ED",
          "checksum": "98186fca2c2a3b604d59824124a0bb18"
        },
        {
          "type": "renderModule",
          "assetId": "KVz1UiCXjxfR",
          "checksum": "cbd7015d87f6326568f973b343f26511"
        },
        {
          "type": "cssRules",
          "assetId": "KVz1UiCXjxfR",
          "checksum": "cbd7015d87f6326568f973b343f26511"
        },
        {
          "type": "image",
          "assetId": "iEW5ACKnBqY4",
          "checksum": "8aae5b2f231163806f659839fc548210"
        },
        {
          "type": "image",
          "assetId": "ymzHos6Z_uPH",
          "checksum": "a3a1e6d1b212068e019ae02fc06c61b6"
        },
        {
          "type": "image",
          "assetId": "6C5Ly2Zi5l7h",
          "checksum": "8025891536cc15fe4211cafe097f6757"
        },
        {
          "type": "image",
          "assetId": "5pT1QrvafLjo",
          "checksum": "6247a3d08192b8185b5777a4e6ab7081"
        },
        {
          "type": "image",
          "assetId": "6U_a1jD935LP",
          "checksum": "235a68aeb61d61a4f49a2461c9efc15f"
        },
        {
          "type": "image",
          "assetId": "hJJesWwqlNbw",
          "checksum": "25bf314290c4c2e6bf6756fee63109b7"
        },
        {
          "type": "image",
          "assetId": "wZ-eoxdB5K3D",
          "checksum": "677ea9812e85b6eb2a60b483a1e246bf"
        },
        {
          "type": "icon",
          "assetId": "w4p7MXAUl7Vc",
          "checksum": "fa5b32849ca36a7e1431ea37b8192a59"
        },
        {
          "type": "icon",
          "assetId": "fHdqKQ7Nqp9O",
          "checksum": "83144c4924c9ae535002d70bf4f35013"
        },
        {
          "type": "icon",
          "assetId": "dw9AOYRL19id",
          "checksum": "76655239a76fc0be1444eab237806898"
        },
        {
          "type": "icon",
          "assetId": "hlQYQ61BkEVI",
          "checksum": "69fd449aa2b80efcfb1942f9897b3bfe"
        },
        {
          "type": "icon",
          "assetId": "f0qcdRXzwBRF",
          "checksum": "96dc747affeec75fdca2e73d36ff37a8"
        },
        {
          "type": "icon",
          "assetId": "UmIBgsUvD0y-",
          "checksum": "44c286d8d7461af41e67a78a708d1605"
        },
        {
          "type": "icon",
          "assetId": "nV-VwQSZJ3oW",
          "checksum": "39ebc5aa3ca75bd2151830efd77d0719"
        },
        {
          "assetId": "wBRmoS7Qf8danpDnoXZLVz",
          "type": "projectCss",
          "checksum": "cdae8761529f0c55815b2db5d9d07b50"
        }
      ],
      "codegenVersion": "0.0.1"
    },
    {
      "projectId": "ohDidvG9XsCeFumugENU3J",
      "version": "6.20.0",
      "dependencies": {},
      "lang": "ts",
      "fileLocks": [
        {
          "assetId": "ohDidvG9XsCeFumugENU3J",
          "checksum": "de0a0e65174a6a185a8f822af51c6bdd",
          "type": "globalContexts"
        },
        {
          "assetId": "ohDidvG9XsCeFumugENU3J",
          "type": "projectCss",
          "checksum": "fd83b730367fdbde2c69bc6cf31c2a3c"
        }
      ],
      "codegenVersion": "0.0.1"
    }
  ],
  "cliVersion": "0.1.307"
}
